
Microsoft Visual Studio Solution File, Format Version 12.00
# Visual Studio Version 16
VisualStudioVersion = 16.0.30104.148
MinimumVisualStudioVersion = 10.0.40219.1
Project("{FAE04EC0-301F-11D3-BF4B-00C04F79EFBC}") = "ConsoleApp2", "ConsoleApp2.csproj", "{38DFBE92-49A8-4088-BB69-DD615E96A533}"
EndProject
Global
	GlobalSection(SolutionConfigurationPlatforms) = preSolution
		Debug|Any CPU = Debug|Any CPU
		Release|Any CPU = Release|Any CPU
	EndGlobalSection
	GlobalSection(ProjectConfigurationPlatforms) = postSolution
		{38DFBE92-49A8-4088-BB69-DD615E96A533}.Debug|Any CPU.ActiveCfg = Debug|Any CPU
		{38DFBE92-49A8-4088-BB69-DD615E96A533}.Debug|Any CPU.Build.0 = Debug|Any CPU
		{38DFBE92-49A8-4088-BB69-DD615E96A533}.Release|Any CPU.ActiveCfg = Release|Any CPU
		{38DFBE92-49A8-4088-BB69-DD615E96A533}.Release|Any CPU.Build.0 = Release|Any CPU
	EndGlobalSection
	GlobalSection(SolutionProperties) = preSolution
		HideSolutionNode = FALSE
	EndGlobalSection
	GlobalSection(ExtensibilityGlobals) = postSolution
		SolutionGuid = {EBEB0D94-E192-4AE6-8A01-4A3E72EE0A23}
	EndGlobalSection
EndGlobal
